
Microsoft Visual Studio Solution File, Format Version 12.00
# Visual Studio Version 17
VisualStudioVersion = 17.6.33723.286
MinimumVisualStudioVersion = 10.0.40219.1
Project("{9A19103F-16F7-4668-BE54-9A1E7A4F7556}") = "GroceryApp.Presentation", "GroceryApp.Presentation\GroceryApp.Presentation.csproj", "{C5EB667E-5F1D-445B-B35F-CC6C05CAF2CE}"
EndProject
Project("{9A19103F-16F7-4668-BE54-9A1E7A4F7556}") = "GroceryApp.DAL", "GroceryApp.DAL\GroceryApp.DAL.csproj", "{BBC7E182-B07D-4CA6-8898-68B8EB2A4D90}"
EndProject
Project("{FAE04EC0-301F-11D3-BF4B-00C04F79EFBC}") = "GroceryApp.BL", "GroceryApp.BL\GroceryApp.BL.csproj", "{66D4C820-4729-41E0-A0FC-BE1F68963106}"
EndProject
Global
	GlobalSection(SolutionConfigurationPlatforms) = preSolution
		Debug|Any CPU = Debug|Any CPU
		Release|Any CPU = Release|Any CPU
	EndGlobalSection
	GlobalSection(ProjectConfigurationPlatforms) = postSolution
		{C5EB667E-5F1D-445B-B35F-CC6C05CAF2CE}.Debug|Any CPU.ActiveCfg = Debug|Any CPU
		{C5EB667E-5F1D-445B-B35F-CC6C05CAF2CE}.Debug|Any CPU.Build.0 = Debug|Any CPU
		{C5EB667E-5F1D-445B-B35F-CC6C05CAF2CE}.Release|Any CPU.ActiveCfg = Release|Any CPU
		{C5EB667E-5F1D-445B-B35F-CC6C05CAF2CE}.Release|Any CPU.Build.0 = Release|Any CPU
		{BBC7E182-B07D-4CA6-8898-68B8EB2A4D90}.Debug|Any CPU.ActiveCfg = Debug|Any CPU
		{BBC7E182-B07D-4CA6-8898-68B8EB2A4D90}.Debug|Any CPU.Build.0 = Debug|Any CPU
		{BBC7E182-B07D-4CA6-8898-68B8EB2A4D90}.Release|Any CPU.ActiveCfg = Release|Any CPU
		{BBC7E182-B07D-4CA6-8898-68B8EB2A4D90}.Release|Any CPU.Build.0 = Release|Any CPU
		{66D4C820-4729-41E0-A0FC-BE1F68963106}.Debug|Any CPU.ActiveCfg = Debug|Any CPU
		{66D4C820-4729-41E0-A0FC-BE1F68963106}.Debug|Any CPU.Build.0 = Debug|Any CPU
		{66D4C820-4729-41E0-A0FC-BE1F68963106}.Release|Any CPU.ActiveCfg = Release|Any CPU
		{66D4C820-4729-41E0-A0FC-BE1F68963106}.Release|Any CPU.Build.0 = Release|Any CPU
	EndGlobalSection
	GlobalSection(SolutionProperties) = preSolution
		HideSolutionNode = FALSE
	EndGlobalSection
	GlobalSection(ExtensibilityGlobals) = postSolution
		SolutionGuid = {2B2D8FF2-7C05-4298-924E-0D47FDC480F0}
	EndGlobalSection
EndGlobal
